<?xml version="1.0" encoding="utf-8"?>
<Project ToolsVersion="4.0" xmlns="http://schemas.microsoft.com/developer/msbuild/2003">
  <ItemGroup>
    <Filter Include="Fichiers sources">
      <UniqueIdentifier>{4FC737F1-C7A5-4376-A066-2A32D752A2FF}</UniqueIdentifier>
      <Extensions>cpp;c;cc;cxx;c++;cppm;ixx;def;odl;idl;hpj;bat;asm;asmx</Extensions>
    </Filter>
    <Filter Include="Fichiers d%27en-tête">
      <UniqueIdentifier>{93995380-89BD-4b04-88EB-625FBE52EBFB}</UniqueIdentifier>
      <Extensions>h;hh;hpp;hxx;h++;hm;inl;inc;ipp;xsd</Extensions>
    </Filter>
    <Filter Include="Fichiers de ressources">
      <UniqueIdentifier>{67DA6AB6-F800-4c08-8B7A-83BB121AAD01}</UniqueIdentifier>
      <Extensions>rc;ico;cur;bmp;dlg;rc2;rct;bin;rgs;gif;jpg;jpeg;jpe;resx;tiff;tif;png;wav;mfcribbon-ms</Extensions>
    </Filter>
    <Filter Include="Fichiers d%27en-tête\RTTI">
      <UniqueIdentifier>{ed098cf4-b46e-4cb6-916a-ee7a9104d9ce}</UniqueIdentifier>
    </Filter>
    <Filter Include="Fichiers sources\RTTI">
      <UniqueIdentifier>{ae74fe5c-c147-48dd-a075-96f16334d41a}</UniqueIdentifier>
    </Filter>
    <Filter Include="Fichiers d%27en-tête\Stream">
      <UniqueIdentifier>{2145b8dc-fc8b-4012-8cef-0c85b16b392e}</UniqueIdentifier>
    </Filter>
    <Filter Include="Fichiers sources\Stream">
      <UniqueIdentifier>{51f1ea83-f0e0-4f8e-b78a-db4b2353f0ff}</UniqueIdentifier>
    </Filter>
    <Filter Include="Fichiers d%27en-tête\Document">
      <UniqueIdentifier>{90f00af3-d9a5-4b42-9e00-c04a77579da9}</UniqueIdentifier>
    </Filter>
    <Filter Include="Fichiers sources\Document">
      <UniqueIdentifier>{91aa0fc1-bca6-4502-bb63-28660ad20649}</UniqueIdentifier>
    </Filter>
    <Filter Include="Fichiers d%27en-tête\UndoRedo">
      <UniqueIdentifier>{62a3e465-a6c1-4179-abd1-016a4e095ea3}</UniqueIdentifier>
    </Filter>
    <Filter Include="Fichiers sources\UndoRedo">
      <UniqueIdentifier>{b3992b97-c8f2-4033-9a77-c438fc2e0b81}</UniqueIdentifier>
    </Filter>
    <Filter Include="Fichiers d%27en-tête\Reactors">
      <UniqueIdentifier>{6093df32-2103-461f-8843-03ba6883705f}</UniqueIdentifier>
    </Filter>
    <Filter Include="Fichiers sources\Reactors">
      <UniqueIdentifier>{6a6dfb2f-11bd-4644-a62c-4609ee75f0ac}</UniqueIdentifier>
    </Filter>
    <Filter Include="Fichiers d%27en-tête\Objects">
      <UniqueIdentifier>{c13bb095-6ce1-4b8a-865c-aa6af45b3053}</UniqueIdentifier>
    </Filter>
    <Filter Include="Fichiers sources\Objects">
      <UniqueIdentifier>{0f9f61d4-d3b3-4862-ab66-22f41e80f139}</UniqueIdentifier>
    </Filter>
    <Filter Include="Fichiers d%27en-tête\ProtocolExtensions">
      <UniqueIdentifier>{53678616-82a5-4b2e-93a3-913564b6761c}</UniqueIdentifier>
    </Filter>
    <Filter Include="Fichiers sources\ProtocolExtensions">
      <UniqueIdentifier>{5fe7019d-10c2-4d8f-ba67-343347c5fc29}</UniqueIdentifier>
    </Filter>
    <Filter Include="Fichiers d%27en-tête\Tools">
      <UniqueIdentifier>{132a67db-cb29-4f78-bf49-3252b4311876}</UniqueIdentifier>
    </Filter>
    <Filter Include="Fichiers sources\Containers">
      <UniqueIdentifier>{982bdac0-c986-4eeb-ae29-720b463eca58}</UniqueIdentifier>
    </Filter>
    <Filter Include="Fichiers d%27en-tête\Containers">
      <UniqueIdentifier>{126d75d5-f623-467a-b1fe-5c3e57cab7fc}</UniqueIdentifier>
    </Filter>
  </ItemGroup>
  <ItemGroup>
    <ClInclude Include="framework.h">
      <Filter>Fichiers d%27en-tête</Filter>
    </ClInclude>
    <ClInclude Include="pch.h">
      <Filter>Fichiers d%27en-tête</Filter>
    </ClInclude>
    <ClInclude Include="local_resources.h">
      <Filter>Fichiers d%27en-tête</Filter>
    </ClInclude>
    <ClInclude Include="ProtocolExtension.h">
      <Filter>Fichiers d%27en-tête</Filter>
    </ClInclude>
    <ClInclude Include="MCad_Core_globals.h">
      <Filter>Fichiers d%27en-tête</Filter>
    </ClInclude>
    <ClInclude Include="TRTTIDefinition.h">
      <Filter>Fichiers d%27en-tête\RTTI</Filter>
    </ClInclude>
    <ClInclude Include="RTTIDefinition.h">
      <Filter>Fichiers d%27en-tête\RTTI</Filter>
    </ClInclude>
    <ClInclude Include="RTTIDefinition_macros.h">
      <Filter>Fichiers d%27en-tête\RTTI</Filter>
    </ClInclude>
    <ClInclude Include="RTTIException.h">
      <Filter>Fichiers d%27en-tête\RTTI</Filter>
    </ClInclude>
    <ClInclude Include="RTTIException_macro.h">
      <Filter>Fichiers d%27en-tête\RTTI</Filter>
    </ClInclude>
    <ClInclude Include="IMCadInputStream.h">
      <Filter>Fichiers d%27en-tête\Stream</Filter>
    </ClInclude>
    <ClInclude Include="IMCadOutputStream.h">
      <Filter>Fichiers d%27en-tête\Stream</Filter>
    </ClInclude>
    <ClInclude Include="MCadBinaryBuffer.h">
      <Filter>Fichiers d%27en-tête\UndoRedo</Filter>
    </ClInclude>
    <ClInclude Include="MCadDocumentManager.h">
      <Filter>Fichiers d%27en-tête\Document</Filter>
    </ClInclude>
    <ClInclude Include="MCadDocument.h">
      <Filter>Fichiers d%27en-tête\Document</Filter>
    </ClInclude>
    <ClInclude Include="IMCadObjectReactor.h">
      <Filter>Fichiers d%27en-tête\Reactors</Filter>
    </ClInclude>
    <ClInclude Include="IMCadDocManagerReactor.h">
      <Filter>Fichiers d%27en-tête\Reactors</Filter>
    </ClInclude>
    <ClInclude Include="IMCadDocumentReactor.h">
      <Filter>Fichiers d%27en-tête\Reactors</Filter>
    </ClInclude>
    <ClInclude Include="MCadUndoRedo.h">
      <Filter>Fichiers d%27en-tête\UndoRedo</Filter>
    </ClInclude>
    <ClInclude Include="MCadObject.h">
      <Filter>Fichiers d%27en-tête\Objects</Filter>
    </ClInclude>
    <ClInclude Include="MCadReactive.h">
      <Filter>Fichiers d%27en-tête\Reactors</Filter>
    </ClInclude>
    <ClInclude Include="MCadNamedObject.h">
      <Filter>Fichiers d%27en-tête\Objects</Filter>
    </ClInclude>
    <ClInclude Include="IMCadContainer.h">
      <Filter>Fichiers d%27en-tête\Containers</Filter>
    </ClInclude>
    <ClInclude Include="MCadInputBinStream.h">
      <Filter>Fichiers d%27en-tête\Stream</Filter>
    </ClInclude>
    <ClInclude Include="MCadOutputBinStream.h">
      <Filter>Fichiers d%27en-tête</Filter>
    </ClInclude>
    <ClInclude Include="MCadScoped.h">
      <Filter>Fichiers d%27en-tête\Tools</Filter>
    </ClInclude>
    <ClInclude Include="MCadVector.h">
      <Filter>Fichiers d%27en-tête\Containers</Filter>
    </ClInclude>
    <ClInclude Include="IMCadRecord.h">
      <Filter>Fichiers d%27en-tête\UndoRedo</Filter>
    </ClInclude>
    <ClInclude Include="MCadRecordSession.h">
      <Filter>Fichiers d%27en-tête\UndoRedo</Filter>
    </ClInclude>
    <ClInclude Include="MCad_macros.h">
      <Filter>Fichiers d%27en-tête\Objects</Filter>
    </ClInclude>
    <ClInclude Include="IMCadMap.h">
      <Filter>Fichiers d%27en-tête\Containers</Filter>
    </ClInclude>
  </ItemGroup>
  <ItemGroup>
    <ClCompile Include="pch.cpp">
      <Filter>Fichiers sources</Filter>
    </ClCompile>
    <ClCompile Include="RTTIDefinition.cpp">
      <Filter>Fichiers sources\RTTI</Filter>
    </ClCompile>
    <ClCompile Include="RTTIException.cpp">
      <Filter>Fichiers sources\RTTI</Filter>
    </ClCompile>
    <ClCompile Include="MCadDocumentManager.cpp">
      <Filter>Fichiers sources\Document</Filter>
    </ClCompile>
    <ClCompile Include="MCadDocument.cpp">
      <Filter>Fichiers sources\Document</Filter>
    </ClCompile>
    <ClCompile Include="MCadUndoRedo.cpp">
      <Filter>Fichiers sources\UndoRedo</Filter>
    </ClCompile>
    <ClCompile Include="MCadObject.cpp">
      <Filter>Fichiers sources\Objects</Filter>
    </ClCompile>
    <ClCompile Include="MCadNamedObject.cpp">
      <Filter>Fichiers sources\Objects</Filter>
    </ClCompile>
    <ClCompile Include="MCadInputBinStream.cpp">
      <Filter>Fichiers sources\Stream</Filter>
    </ClCompile>
    <ClCompile Include="MCadOutputBinStream.cpp">
      <Filter>Fichiers sources\Stream</Filter>
    </ClCompile>
    <ClCompile Include="MCadRecordSession.cpp">
      <Filter>Fichiers sources\UndoRedo</Filter>
    </ClCompile>
  </ItemGroup>
  <ItemGroup>
    <ResourceCompile Include="..\..\common\MCad.rc">
      <Filter>Fichiers de ressources</Filter>
    </ResourceCompile>
  </ItemGroup>
</Project>